
Microsoft Visual Studio Solution File, Format Version 12.00
# Visual Studio 15
VisualStudioVersion = 15.0.28307.779
MinimumVisualStudioVersion = 10.0.40219.1
Project("{FAE04EC0-301F-11D3-BF4B-00C04F79EFBC}") = "Data", "Data\Data.csproj", "{B151AF4A-D44E-4D51-B6BA-9AF231EC2C38}"
EndProject
Project("{FAE04EC0-301F-11D3-BF4B-00C04F79EFBC}") = "Service", "Service\Service.csproj", "{8E1B0252-C7DB-49CF-8332-45FE27CCD954}"
EndProject
Global
	GlobalSection(SolutionConfigurationPlatforms) = preSolution
		Debug|Any CPU = Debug|Any CPU
		Release|Any CPU = Release|Any CPU
	EndGlobalSection
	GlobalSection(ProjectConfigurationPlatforms) = postSolution
		{B151AF4A-D44E-4D51-B6BA-9AF231EC2C38}.Debug|Any CPU.ActiveCfg = Debug|Any CPU
		{B151AF4A-D44E-4D51-B6BA-9AF231EC2C38}.Debug|Any CPU.Build.0 = Debug|Any CPU
		{B151AF4A-D44E-4D51-B6BA-9AF231EC2C38}.Release|Any CPU.ActiveCfg = Release|Any CPU
		{B151AF4A-D44E-4D51-B6BA-9AF231EC2C38}.Release|Any CPU.Build.0 = Release|Any CPU
		{8E1B0252-C7DB-49CF-8332-45FE27CCD954}.Debug|Any CPU.ActiveCfg = Debug|Any CPU
		{8E1B0252-C7DB-49CF-8332-45FE27CCD954}.Debug|Any CPU.Build.0 = Debug|Any CPU
		{8E1B0252-C7DB-49CF-8332-45FE27CCD954}.Release|Any CPU.ActiveCfg = Release|Any CPU
		{8E1B0252-C7DB-49CF-8332-45FE27CCD954}.Release|Any CPU.Build.0 = Release|Any CPU
	EndGlobalSection
	GlobalSection(SolutionProperties) = preSolution
		HideSolutionNode = FALSE
	EndGlobalSection
	GlobalSection(ExtensibilityGlobals) = postSolution
		SolutionGuid = {AFB1C535-2964-4285-9A0F-D0179CF84D8A}
	EndGlobalSection
EndGlobal
